
Microsoft Visual Studio Solution File, Format Version 12.00
# Visual Studio Version 17
VisualStudioVersion = 17.0.31903.59
MinimumVisualStudioVersion = 10.0.40219.1
Project("{2150E333-8FDC-42A3-9474-1A3956D46DE8}") = "src", "src", "{0D2B2076-409E-4328-81CA-8E6B6B2086BD}"
EndProject
Project("{FAE04EC0-301F-11D3-BF4B-00C04F79EFBC}") = "PhotoFrame.Core", "src\PhotoFrame.Core\PhotoFrame.Core.csproj", "{6BED2151-0917-4590-AD83-A2D3CF265802}"
EndProject
Project("{FAE04EC0-301F-11D3-BF4B-00C04F79EFBC}") = "PhotoFrame.UI", "src\PhotoFrame.UI\PhotoFrame.UI.csproj", "{D0201AAE-406F-4FD5-ADF8-CC723133989B}"
EndProject
Global
	GlobalSection(SolutionConfigurationPlatforms) = preSolution
		Debug|Any CPU = Debug|Any CPU
		Release|Any CPU = Release|Any CPU
	EndGlobalSection
	GlobalSection(SolutionProperties) = preSolution
		HideSolutionNode = FALSE
	EndGlobalSection
	GlobalSection(ProjectConfigurationPlatforms) = postSolution
		{6BED2151-0917-4590-AD83-A2D3CF265802}.Debug|Any CPU.ActiveCfg = Debug|Any CPU
		{6BED2151-0917-4590-AD83-A2D3CF265802}.Debug|Any CPU.Build.0 = Debug|Any CPU
		{6BED2151-0917-4590-AD83-A2D3CF265802}.Release|Any CPU.ActiveCfg = Release|Any CPU
		{6BED2151-0917-4590-AD83-A2D3CF265802}.Release|Any CPU.Build.0 = Release|Any CPU
		{D0201AAE-406F-4FD5-ADF8-CC723133989B}.Debug|Any CPU.ActiveCfg = Debug|Any CPU
		{D0201AAE-406F-4FD5-ADF8-CC723133989B}.Debug|Any CPU.Build.0 = Debug|Any CPU
		{D0201AAE-406F-4FD5-ADF8-CC723133989B}.Release|Any CPU.ActiveCfg = Release|Any CPU
		{D0201AAE-406F-4FD5-ADF8-CC723133989B}.Release|Any CPU.Build.0 = Release|Any CPU
	EndGlobalSection
	GlobalSection(NestedProjects) = preSolution
		{6BED2151-0917-4590-AD83-A2D3CF265802} = {0D2B2076-409E-4328-81CA-8E6B6B2086BD}
		{D0201AAE-406F-4FD5-ADF8-CC723133989B} = {0D2B2076-409E-4328-81CA-8E6B6B2086BD}
	EndGlobalSection
EndGlobal
